
Microsoft Visual Studio Solution File, Format Version 12.00
# Visual Studio 15
VisualStudioVersion = 15.0.26124.0
MinimumVisualStudioVersion = 15.0.26124.0
Project("{FAE04EC0-301F-11D3-BF4B-00C04F79EFBC}") = "R5T.Sitonia.Default.Construction", "R5T.Sitonia.Default.Construction\R5T.Sitonia.Default.Construction.csproj", "{F184C568-71AD-4A1C-9996-B13606930F48}"
EndProject
Project("{FAE04EC0-301F-11D3-BF4B-00C04F79EFBC}") = "R5T.Sitonia.Default", "R5T.Sitonia.Default\R5T.Sitonia.Default.csproj", "{0F149F29-D872-4F25-9B9D-BA435CD31F3A}"
EndProject
Project("{FAE04EC0-301F-11D3-BF4B-00C04F79EFBC}") = "R5T.Sitonia.Default.Testing", "R5T.Sitonia.Default.Testing\R5T.Sitonia.Default.Testing.csproj", "{1E748440-1A5A-467F-9981-8E9D8C9C17B8}"
EndProject
Global
	GlobalSection(SolutionConfigurationPlatforms) = preSolution
		Debug|Any CPU = Debug|Any CPU
		Debug|x64 = Debug|x64
		Debug|x86 = Debug|x86
		Release|Any CPU = Release|Any CPU
		Release|x64 = Release|x64
		Release|x86 = Release|x86
	EndGlobalSection
	GlobalSection(SolutionProperties) = preSolution
		HideSolutionNode = FALSE
	EndGlobalSection
	GlobalSection(ProjectConfigurationPlatforms) = postSolution
		{F184C568-71AD-4A1C-9996-B13606930F48}.Debug|Any CPU.ActiveCfg = Debug|Any CPU
		{F184C568-71AD-4A1C-9996-B13606930F48}.Debug|Any CPU.Build.0 = Debug|Any CPU
		{F184C568-71AD-4A1C-9996-B13606930F48}.Debug|x64.ActiveCfg = Debug|Any CPU
		{F184C568-71AD-4A1C-9996-B13606930F48}.Debug|x64.Build.0 = Debug|Any CPU
		{F184C568-71AD-4A1C-9996-B13606930F48}.Debug|x86.ActiveCfg = Debug|Any CPU
		{F184C568-71AD-4A1C-9996-B13606930F48}.Debug|x86.Build.0 = Debug|Any CPU
		{F184C568-71AD-4A1C-9996-B13606930F48}.Release|Any CPU.ActiveCfg = Release|Any CPU
		{F184C568-71AD-4A1C-9996-B13606930F48}.Release|Any CPU.Build.0 = Release|Any CPU
		{F184C568-71AD-4A1C-9996-B13606930F48}.Release|x64.ActiveCfg = Release|Any CPU
		{F184C568-71AD-4A1C-9996-B13606930F48}.Release|x64.Build.0 = Release|Any CPU
		{F184C568-71AD-4A1C-9996-B13606930F48}.Release|x86.ActiveCfg = Release|Any CPU
		{F184C568-71AD-4A1C-9996-B13606930F48}.Release|x86.Build.0 = Release|Any CPU
		{0F149F29-D872-4F25-9B9D-BA435CD31F3A}.Debug|Any CPU.ActiveCfg = Debug|Any CPU
		{0F149F29-D872-4F25-9B9D-BA435CD31F3A}.Debug|Any CPU.Build.0 = Debug|Any CPU
		{0F149F29-D872-4F25-9B9D-BA435CD31F3A}.Debug|x64.ActiveCfg = Debug|Any CPU
		{0F149F29-D872-4F25-9B9D-BA435CD31F3A}.Debug|x64.Build.0 = Debug|Any CPU
		{0F149F29-D872-4F25-9B9D-BA435CD31F3A}.Debug|x86.ActiveCfg = Debug|Any CPU
		{0F149F29-D872-4F25-9B9D-BA435CD31F3A}.Debug|x86.Build.0 = Debug|Any CPU
		{0F149F29-D872-4F25-9B9D-BA435CD31F3A}.Release|Any CPU.ActiveCfg = Release|Any CPU
		{0F149F29-D872-4F25-9B9D-BA435CD31F3A}.Release|Any CPU.Build.0 = Release|Any CPU
		{0F149F29-D872-4F25-9B9D-BA435CD31F3A}.Release|x64.ActiveCfg = Release|Any CPU
		{0F149F29-D872-4F25-9B9D-BA435CD31F3A}.Release|x64.Build.0 = Release|Any CPU
		{0F149F29-D872-4F25-9B9D-BA435CD31F3A}.Release|x86.ActiveCfg = Release|Any CPU
		{0F149F29-D872-4F25-9B9D-BA435CD31F3A}.Release|x86.Build.0 = Release|Any CPU
		{1E748440-1A5A-467F-9981-8E9D8C9C17B8}.Debug|Any CPU.ActiveCfg = Debug|Any CPU
		{1E748440-1A5A-467F-9981-8E9D8C9C17B8}.Debug|Any CPU.Build.0 = Debug|Any CPU
		{1E748440-1A5A-467F-9981-8E9D8C9C17B8}.Debug|x64.ActiveCfg = Debug|Any CPU
		{1E748440-1A5A-467F-9981-8E9D8C9C17B8}.Debug|x64.Build.0 = Debug|Any CPU
		{1E748440-1A5A-467F-9981-8E9D8C9C17B8}.Debug|x86.ActiveCfg = Debug|Any CPU
		{1E748440-1A5A-467F-9981-8E9D8C9C17B8}.Debug|x86.Build.0 = Debug|Any CPU
		{1E748440-1A5A-467F-9981-8E9D8C9C17B8}.Release|Any CPU.ActiveCfg = Release|Any CPU
		{1E748440-1A5A-467F-9981-8E9D8C9C17B8}.Release|Any CPU.Build.0 = Release|Any CPU
		{1E748440-1A5A-467F-9981-8E9D8C9C17B8}.Release|x64.ActiveCfg = Release|Any CPU
		{1E748440-1A5A-467F-9981-8E9D8C9C17B8}.Release|x64.Build.0 = Release|Any CPU
		{1E748440-1A5A-467F-9981-8E9D8C9C17B8}.Release|x86.ActiveCfg = Release|Any CPU
		{1E748440-1A5A-467F-9981-8E9D8C9C17B8}.Release|x86.Build.0 = Release|Any CPU
	EndGlobalSection
EndGlobal
